
Microsoft Visual Studio Solution File, Format Version 12.00
# Visual Studio Version 16
VisualStudioVersion = 16.0.30517.126
MinimumVisualStudioVersion = 10.0.40219.1
Project("{9A19103F-16F7-4668-BE54-9A1E7A4F7556}") = "Evolutionary", "Evolutionary\Evolutionary.csproj", "{EFB2DA3C-B4AF-46FE-BD76-FAA8E4B2025B}"
EndProject
Project("{9A19103F-16F7-4668-BE54-9A1E7A4F7556}") = "Evolutionary.Tests", "Evolutionary.Tests\Evolutionary.Tests.csproj", "{CEBB893B-E33F-419B-A8DC-007803920332}"
EndProject
Project("{2150E333-8FDC-42A3-9474-1A3956D46DE8}") = "examples", "examples", "{52120C84-4428-4A63-8F6C-F2E4CC6F8998}"
EndProject
Project("{9A19103F-16F7-4668-BE54-9A1E7A4F7556}") = "SquareRoot", "examples\SquareRoot\SquareRoot.csproj", "{54D041D6-004E-4886-B814-EB26D8638639}"
EndProject
Project("{FAE04EC0-301F-11D3-BF4B-00C04F79EFBC}") = "EightQueens", "examples\EightQueens\EightQueens.csproj", "{1DA17AF9-1DFF-423A-B1B5-316735174117}"
EndProject
Global
	GlobalSection(SolutionConfigurationPlatforms) = preSolution
		Debug|Any CPU = Debug|Any CPU
		Debug|ARM = Debug|ARM
		Debug|ARM64 = Debug|ARM64
		Debug|x64 = Debug|x64
		Debug|x86 = Debug|x86
		Release|Any CPU = Release|Any CPU
		Release|ARM = Release|ARM
		Release|ARM64 = Release|ARM64
		Release|x64 = Release|x64
		Release|x86 = Release|x86
	EndGlobalSection
	GlobalSection(ProjectConfigurationPlatforms) = postSolution
		{EFB2DA3C-B4AF-46FE-BD76-FAA8E4B2025B}.Debug|Any CPU.ActiveCfg = Debug|Any CPU
		{EFB2DA3C-B4AF-46FE-BD76-FAA8E4B2025B}.Debug|Any CPU.Build.0 = Debug|Any CPU
		{EFB2DA3C-B4AF-46FE-BD76-FAA8E4B2025B}.Debug|ARM.ActiveCfg = Debug|Any CPU
		{EFB2DA3C-B4AF-46FE-BD76-FAA8E4B2025B}.Debug|ARM.Build.0 = Debug|Any CPU
		{EFB2DA3C-B4AF-46FE-BD76-FAA8E4B2025B}.Debug|ARM64.ActiveCfg = Debug|Any CPU
		{EFB2DA3C-B4AF-46FE-BD76-FAA8E4B2025B}.Debug|ARM64.Build.0 = Debug|Any CPU
		{EFB2DA3C-B4AF-46FE-BD76-FAA8E4B2025B}.Debug|x64.ActiveCfg = Debug|Any CPU
		{EFB2DA3C-B4AF-46FE-BD76-FAA8E4B2025B}.Debug|x64.Build.0 = Debug|Any CPU
		{EFB2DA3C-B4AF-46FE-BD76-FAA8E4B2025B}.Debug|x86.ActiveCfg = Debug|Any CPU
		{EFB2DA3C-B4AF-46FE-BD76-FAA8E4B2025B}.Debug|x86.Build.0 = Debug|Any CPU
		{EFB2DA3C-B4AF-46FE-BD76-FAA8E4B2025B}.Release|Any CPU.ActiveCfg = Release|Any CPU
		{EFB2DA3C-B4AF-46FE-BD76-FAA8E4B2025B}.Release|Any CPU.Build.0 = Release|Any CPU
		{EFB2DA3C-B4AF-46FE-BD76-FAA8E4B2025B}.Release|ARM.ActiveCfg = Release|Any CPU
		{EFB2DA3C-B4AF-46FE-BD76-FAA8E4B2025B}.Release|ARM.Build.0 = Release|Any CPU
		{EFB2DA3C-B4AF-46FE-BD76-FAA8E4B2025B}.Release|ARM64.ActiveCfg = Release|Any CPU
		{EFB2DA3C-B4AF-46FE-BD76-FAA8E4B2025B}.Release|ARM64.Build.0 = Release|Any CPU
		{EFB2DA3C-B4AF-46FE-BD76-FAA8E4B2025B}.Release|x64.ActiveCfg = Release|Any CPU
		{EFB2DA3C-B4AF-46FE-BD76-FAA8E4B2025B}.Release|x64.Build.0 = Release|Any CPU
		{EFB2DA3C-B4AF-46FE-BD76-FAA8E4B2025B}.Release|x86.ActiveCfg = Release|Any CPU
		{EFB2DA3C-B4AF-46FE-BD76-FAA8E4B2025B}.Release|x86.Build.0 = Release|Any CPU
		{CEBB893B-E33F-419B-A8DC-007803920332}.Debug|Any CPU.ActiveCfg = Debug|Any CPU
		{CEBB893B-E33F-419B-A8DC-007803920332}.Debug|Any CPU.Build.0 = Debug|Any CPU
		{CEBB893B-E33F-419B-A8DC-007803920332}.Debug|ARM.ActiveCfg = Debug|Any CPU
		{CEBB893B-E33F-419B-A8DC-007803920332}.Debug|ARM.Build.0 = Debug|Any CPU
		{CEBB893B-E33F-419B-A8DC-007803920332}.Debug|ARM64.ActiveCfg = Debug|Any CPU
		{CEBB893B-E33F-419B-A8DC-007803920332}.Debug|ARM64.Build.0 = Debug|Any CPU
		{CEBB893B-E33F-419B-A8DC-007803920332}.Debug|x64.ActiveCfg = Debug|Any CPU
		{CEBB893B-E33F-419B-A8DC-007803920332}.Debug|x64.Build.0 = Debug|Any CPU
		{CEBB893B-E33F-419B-A8DC-007803920332}.Debug|x86.ActiveCfg = Debug|Any CPU
		{CEBB893B-E33F-419B-A8DC-007803920332}.Debug|x86.Build.0 = Debug|Any CPU
		{CEBB893B-E33F-419B-A8DC-007803920332}.Release|Any CPU.ActiveCfg = Release|Any CPU
		{CEBB893B-E33F-419B-A8DC-007803920332}.Release|Any CPU.Build.0 = Release|Any CPU
		{CEBB893B-E33F-419B-A8DC-007803920332}.Release|ARM.ActiveCfg = Release|Any CPU
		{CEBB893B-E33F-419B-A8DC-007803920332}.Release|ARM.Build.0 = Release|Any CPU
		{CEBB893B-E33F-419B-A8DC-007803920332}.Release|ARM64.ActiveCfg = Release|Any CPU
		{CEBB893B-E33F-419B-A8DC-007803920332}.Release|ARM64.Build.0 = Release|Any CPU
		{CEBB893B-E33F-419B-A8DC-007803920332}.Release|x64.ActiveCfg = Release|Any CPU
		{CEBB893B-E33F-419B-A8DC-007803920332}.Release|x64.Build.0 = Release|Any CPU
		{CEBB893B-E33F-419B-A8DC-007803920332}.Release|x86.ActiveCfg = Release|Any CPU
		{CEBB893B-E33F-419B-A8DC-007803920332}.Release|x86.Build.0 = Release|Any CPU
		{54D041D6-004E-4886-B814-EB26D8638639}.Debug|Any CPU.ActiveCfg = Debug|Any CPU
		{54D041D6-004E-4886-B814-EB26D8638639}.Debug|Any CPU.Build.0 = Debug|Any CPU
		{54D041D6-004E-4886-B814-EB26D8638639}.Debug|ARM.ActiveCfg = Debug|Any CPU
		{54D041D6-004E-4886-B814-EB26D8638639}.Debug|ARM.Build.0 = Debug|Any CPU
		{54D041D6-004E-4886-B814-EB26D8638639}.Debug|ARM64.ActiveCfg = Debug|Any CPU
		{54D041D6-004E-4886-B814-EB26D8638639}.Debug|ARM64.Build.0 = Debug|Any CPU
		{54D041D6-004E-4886-B814-EB26D8638639}.Debug|x64.ActiveCfg = Debug|Any CPU
		{54D041D6-004E-4886-B814-EB26D8638639}.Debug|x64.Build.0 = Debug|Any CPU
		{54D041D6-004E-4886-B814-EB26D8638639}.Debug|x86.ActiveCfg = Debug|Any CPU
		{54D041D6-004E-4886-B814-EB26D8638639}.Debug|x86.Build.0 = Debug|Any CPU
		{54D041D6-004E-4886-B814-EB26D8638639}.Release|Any CPU.ActiveCfg = Release|Any CPU
		{54D041D6-004E-4886-B814-EB26D8638639}.Release|Any CPU.Build.0 = Release|Any CPU
		{54D041D6-004E-4886-B814-EB26D8638639}.Release|ARM.ActiveCfg = Release|Any CPU
		{54D041D6-004E-4886-B814-EB26D8638639}.Release|ARM.Build.0 = Release|Any CPU
		{54D041D6-004E-4886-B814-EB26D8638639}.Release|ARM64.ActiveCfg = Release|Any CPU
		{54D041D6-004E-4886-B814-EB26D8638639}.Release|ARM64.Build.0 = Release|Any CPU
		{54D041D6-004E-4886-B814-EB26D8638639}.Release|x64.ActiveCfg = Release|Any CPU
		{54D041D6-004E-4886-B814-EB26D8638639}.Release|x64.Build.0 = Release|Any CPU
		{54D041D6-004E-4886-B814-EB26D8638639}.Release|x86.ActiveCfg = Release|Any CPU
		{54D041D6-004E-4886-B814-EB26D8638639}.Release|x86.Build.0 = Release|Any CPU
		{1DA17AF9-1DFF-423A-B1B5-316735174117}.Debug|Any CPU.ActiveCfg = Debug|Any CPU
		{1DA17AF9-1DFF-423A-B1B5-316735174117}.Debug|Any CPU.Build.0 = Debug|Any CPU
		{1DA17AF9-1DFF-423A-B1B5-316735174117}.Debug|ARM.ActiveCfg = Debug|Any CPU
		{1DA17AF9-1DFF-423A-B1B5-316735174117}.Debug|ARM.Build.0 = Debug|Any CPU
		{1DA17AF9-1DFF-423A-B1B5-316735174117}.Debug|ARM64.ActiveCfg = Debug|Any CPU
		{1DA17AF9-1DFF-423A-B1B5-316735174117}.Debug|ARM64.Build.0 = Debug|Any CPU
		{1DA17AF9-1DFF-423A-B1B5-316735174117}.Debug|x64.ActiveCfg = Debug|Any CPU
		{1DA17AF9-1DFF-423A-B1B5-316735174117}.Debug|x64.Build.0 = Debug|Any CPU
		{1DA17AF9-1DFF-423A-B1B5-316735174117}.Debug|x86.ActiveCfg = Debug|Any CPU
		{1DA17AF9-1DFF-423A-B1B5-316735174117}.Debug|x86.Build.0 = Debug|Any CPU
		{1DA17AF9-1DFF-423A-B1B5-316735174117}.Release|Any CPU.ActiveCfg = Release|Any CPU
		{1DA17AF9-1DFF-423A-B1B5-316735174117}.Release|Any CPU.Build.0 = Release|Any CPU
		{1DA17AF9-1DFF-423A-B1B5-316735174117}.Release|ARM.ActiveCfg = Release|Any CPU
		{1DA17AF9-1DFF-423A-B1B5-316735174117}.Release|ARM.Build.0 = Release|Any CPU
		{1DA17AF9-1DFF-423A-B1B5-316735174117}.Release|ARM64.ActiveCfg = Release|Any CPU
		{1DA17AF9-1DFF-423A-B1B5-316735174117}.Release|ARM64.Build.0 = Release|Any CPU
		{1DA17AF9-1DFF-423A-B1B5-316735174117}.Release|x64.ActiveCfg = Release|Any CPU
		{1DA17AF9-1DFF-423A-B1B5-316735174117}.Release|x64.Build.0 = Release|Any CPU
		{1DA17AF9-1DFF-423A-B1B5-316735174117}.Release|x86.ActiveCfg = Release|Any CPU
		{1DA17AF9-1DFF-423A-B1B5-316735174117}.Release|x86.Build.0 = Release|Any CPU
	EndGlobalSection
	GlobalSection(SolutionProperties) = preSolution
		HideSolutionNode = FALSE
	EndGlobalSection
	GlobalSection(NestedProjects) = preSolution
		{54D041D6-004E-4886-B814-EB26D8638639} = {52120C84-4428-4A63-8F6C-F2E4CC6F8998}
		{1DA17AF9-1DFF-423A-B1B5-316735174117} = {52120C84-4428-4A63-8F6C-F2E4CC6F8998}
	EndGlobalSection
	GlobalSection(ExtensibilityGlobals) = postSolution
		SolutionGuid = {822F742A-10BA-4E6C-8AA3-66B07D86393F}
	EndGlobalSection
EndGlobal
